dependencies:
  axios: 0.21.0
lockfileVersion: 5.2
packages:
  /axios/0.21.0:
    dependencies:
      follow-redirects: 1.13.0
    dev: false
    resolution:
      integrity: sha512-fmkJBknJKoZwem3/IKSSLpkdNXZeBu5Q7GA/aRsr2btgrptmSCxi2oFjZHqGdK9DoTil9PIHlPIZw2EcRJXRvw==
  /follow-redirects/1.13.0:
    dev: false
    engines:
      node: '>=4.0'
    resolution:
      integrity: sha512-aq6gF1BEKje4a9i9+5jimNFIpq4Q1WiwBToeRK5NvZBd/TRsmW8BsJfOEGkr76TbOyPVD3OVDN910EcUNtRYEA==
specifiers:
  axios: ^0.21.0
